
Microsoft Visual Studio Solution File, Format Version 12.00
# Visual Studio Version 17
VisualStudioVersion = 17.8.34511.84
MinimumVisualStudioVersion = 10.0.40219.1
Project("{9A19103F-16F7-4668-BE54-9A1E7A4F7556}") = "Mindbox.TestTask.Core", "src\Mindbox.TestTask.Core\Mindbox.TestTask.Core.csproj", "{80BD64AE-F8AA-4A5F-BE33-3104B1882425}"
EndProject
Project("{FAE04EC0-301F-11D3-BF4B-00C04F79EFBC}") = "Mindbox.TestTask.UnitTests", "tests\Mindbox.TestTask.UnitTests\Mindbox.TestTask.UnitTests.csproj", "{FA97BA12-2B86-4A41-9439-D09009AECCFA}"
EndProject
Global
	GlobalSection(SolutionConfigurationPlatforms) = preSolution
		Debug|Any CPU = Debug|Any CPU
		Release|Any CPU = Release|Any CPU
	EndGlobalSection
	GlobalSection(ProjectConfigurationPlatforms) = postSolution
		{80BD64AE-F8AA-4A5F-BE33-3104B1882425}.Debug|Any CPU.ActiveCfg = Debug|Any CPU
		{80BD64AE-F8AA-4A5F-BE33-3104B1882425}.Debug|Any CPU.Build.0 = Debug|Any CPU
		{80BD64AE-F8AA-4A5F-BE33-3104B1882425}.Release|Any CPU.ActiveCfg = Release|Any CPU
		{80BD64AE-F8AA-4A5F-BE33-3104B1882425}.Release|Any CPU.Build.0 = Release|Any CPU
		{FA97BA12-2B86-4A41-9439-D09009AECCFA}.Debug|Any CPU.ActiveCfg = Debug|Any CPU
		{FA97BA12-2B86-4A41-9439-D09009AECCFA}.Debug|Any CPU.Build.0 = Debug|Any CPU
		{FA97BA12-2B86-4A41-9439-D09009AECCFA}.Release|Any CPU.ActiveCfg = Release|Any CPU
		{FA97BA12-2B86-4A41-9439-D09009AECCFA}.Release|Any CPU.Build.0 = Release|Any CPU
	EndGlobalSection
	GlobalSection(SolutionProperties) = preSolution
		HideSolutionNode = FALSE
	EndGlobalSection
	GlobalSection(ExtensibilityGlobals) = postSolution
		SolutionGuid = {9BF1DC1A-DEB1-47F9-9946-658C68BF2731}
	EndGlobalSection
EndGlobal
